
Microsoft Visual Studio Solution File, Format Version 12.00
# Visual Studio 15
VisualStudioVersion = 15.0.27703.2026
MinimumVisualStudioVersion = 10.0.40219.1
Project("{FAE04EC0-301F-11D3-BF4B-00C04F79EFBC}") = "MyFirstWebService", "MyFirstWebService\MyFirstWebService.csproj", "{B80FE28F-23D7-4D5A-8A0C-EC8D1F9458FF}"
EndProject
Global
	GlobalSection(SolutionConfigurationPlatforms) = preSolution
		Debug|Any CPU = Debug|Any CPU
		Release|Any CPU = Release|Any CPU
	EndGlobalSection
	GlobalSection(ProjectConfigurationPlatforms) = postSolution
		{B80FE28F-23D7-4D5A-8A0C-EC8D1F9458FF}.Debug|Any CPU.ActiveCfg = Debug|Any CPU
		{B80FE28F-23D7-4D5A-8A0C-EC8D1F9458FF}.Debug|Any CPU.Build.0 = Debug|Any CPU
		{B80FE28F-23D7-4D5A-8A0C-EC8D1F9458FF}.Release|Any CPU.ActiveCfg = Release|Any CPU
		{B80FE28F-23D7-4D5A-8A0C-EC8D1F9458FF}.Release|Any CPU.Build.0 = Release|Any CPU
	EndGlobalSection
	GlobalSection(SolutionProperties) = preSolution
		HideSolutionNode = FALSE
	EndGlobalSection
	GlobalSection(ExtensibilityGlobals) = postSolution
		SolutionGuid = {7B5692AC-8180-4792-9A18-4331E2E4B24F}
	EndGlobalSection
EndGlobal
