
Microsoft Visual Studio Solution File, Format Version 12.00
# Visual Studio 15
VisualStudioVersion = 15.0.28307.779
MinimumVisualStudioVersion = 10.0.40219.1
Project("{FAE04EC0-301F-11D3-BF4B-00C04F79EFBC}") = "AKataFacade", "KataFacade\AKataFacade.csproj", "{3D26CD35-986A-4EB9-881F-84F2F1DB1C84}"
EndProject
Project("{FAE04EC0-301F-11D3-BF4B-00C04F79EFBC}") = "Couche2", "Couche2\Couche2.csproj", "{4F2D01D2-AD42-420F-A888-70990F84F12A}"
EndProject
Global
	GlobalSection(SolutionConfigurationPlatforms) = preSolution
		Debug|Any CPU = Debug|Any CPU
		Release|Any CPU = Release|Any CPU
	EndGlobalSection
	GlobalSection(ProjectConfigurationPlatforms) = postSolution
		{3D26CD35-986A-4EB9-881F-84F2F1DB1C84}.Debug|Any CPU.ActiveCfg = Debug|Any CPU
		{3D26CD35-986A-4EB9-881F-84F2F1DB1C84}.Debug|Any CPU.Build.0 = Debug|Any CPU
		{3D26CD35-986A-4EB9-881F-84F2F1DB1C84}.Release|Any CPU.ActiveCfg = Release|Any CPU
		{3D26CD35-986A-4EB9-881F-84F2F1DB1C84}.Release|Any CPU.Build.0 = Release|Any CPU
		{4F2D01D2-AD42-420F-A888-70990F84F12A}.Debug|Any CPU.ActiveCfg = Debug|Any CPU
		{4F2D01D2-AD42-420F-A888-70990F84F12A}.Debug|Any CPU.Build.0 = Debug|Any CPU
		{4F2D01D2-AD42-420F-A888-70990F84F12A}.Release|Any CPU.ActiveCfg = Release|Any CPU
		{4F2D01D2-AD42-420F-A888-70990F84F12A}.Release|Any CPU.Build.0 = Release|Any CPU
	EndGlobalSection
	GlobalSection(SolutionProperties) = preSolution
		HideSolutionNode = FALSE
	EndGlobalSection
	GlobalSection(ExtensibilityGlobals) = postSolution
		SolutionGuid = {9D39D5F1-3731-4062-9EEF-B63A0D008BF0}
	EndGlobalSection
EndGlobal
