
Microsoft Visual Studio Solution File, Format Version 12.00
# Visual Studio 15
VisualStudioVersion = 15.0.28307.779
MinimumVisualStudioVersion = 10.0.40219.1
Project("{9A19103F-16F7-4668-BE54-9A1E7A4F7556}") = "TestPattern", "TestPattern\TestPattern.csproj", "{A26F1248-88E1-4080-BFF0-EF2310F52A04}"
EndProject
Global
	GlobalSection(SolutionConfigurationPlatforms) = preSolution
		Debug|Any CPU = Debug|Any CPU
		Release|Any CPU = Release|Any CPU
	EndGlobalSection
	GlobalSection(ProjectConfigurationPlatforms) = postSolution
		{A26F1248-88E1-4080-BFF0-EF2310F52A04}.Debug|Any CPU.ActiveCfg = Debug|Any CPU
		{A26F1248-88E1-4080-BFF0-EF2310F52A04}.Debug|Any CPU.Build.0 = Debug|Any CPU
		{A26F1248-88E1-4080-BFF0-EF2310F52A04}.Release|Any CPU.ActiveCfg = Release|Any CPU
		{A26F1248-88E1-4080-BFF0-EF2310F52A04}.Release|Any CPU.Build.0 = Release|Any CPU
	EndGlobalSection
	GlobalSection(SolutionProperties) = preSolution
		HideSolutionNode = FALSE
	EndGlobalSection
	GlobalSection(ExtensibilityGlobals) = postSolution
		SolutionGuid = {1C63B806-F698-493D-ACD0-5E4248EBA272}
	EndGlobalSection
EndGlobal
