
Microsoft Visual Studio Solution File, Format Version 12.00
# Visual Studio 15
VisualStudioVersion = 15.0.28307.779
MinimumVisualStudioVersion = 10.0.40219.1
Project("{FAE04EC0-301F-11D3-BF4B-00C04F79EFBC}") = "IocCore", "IocCore\IocCore.csproj", "{00938B7F-1912-44D8-BDC2-E91C8197B753}"
EndProject
Global
	GlobalSection(SolutionConfigurationPlatforms) = preSolution
		Debug|Any CPU = Debug|Any CPU
		Release|Any CPU = Release|Any CPU
	EndGlobalSection
	GlobalSection(ProjectConfigurationPlatforms) = postSolution
		{00938B7F-1912-44D8-BDC2-E91C8197B753}.Debug|Any CPU.ActiveCfg = Debug|Any CPU
		{00938B7F-1912-44D8-BDC2-E91C8197B753}.Debug|Any CPU.Build.0 = Debug|Any CPU
		{00938B7F-1912-44D8-BDC2-E91C8197B753}.Release|Any CPU.ActiveCfg = Release|Any CPU
		{00938B7F-1912-44D8-BDC2-E91C8197B753}.Release|Any CPU.Build.0 = Release|Any CPU
	EndGlobalSection
	GlobalSection(SolutionProperties) = preSolution
		HideSolutionNode = FALSE
	EndGlobalSection
	GlobalSection(ExtensibilityGlobals) = postSolution
		SolutionGuid = {CF2DE1FC-D9CC-4B38-B76E-DF25D34ABA7E}
	EndGlobalSection
EndGlobal
